Microsoft Visual Studio Solution File, Format Version 12.00
# Visual Studio Version 17
VisualStudioVersion = 17.5.2.0
MinimumVisualStudioVersion = 10.0.40219.1
Project("{FAE04EC0-301F-11D3-BF4B-00C04F79EFBC}") = "visit_card", "visit_card.csproj", "{8FB5254D-3E8C-8D8C-4DA0-264CA2AC2FF6}"
EndProject
Global
	GlobalSection(SolutionConfigurationPlatforms) = preSolution
		Debug|Any CPU = Debug|Any CPU
		Release|Any CPU = Release|Any CPU
	EndGlobalSection
	GlobalSection(ProjectConfigurationPlatforms) = postSolution
		{8FB5254D-3E8C-8D8C-4DA0-264CA2AC2FF6}.Debug|Any CPU.ActiveCfg = Debug|Any CPU
		{8FB5254D-3E8C-8D8C-4DA0-264CA2AC2FF6}.Debug|Any CPU.Build.0 = Debug|Any CPU
		{8FB5254D-3E8C-8D8C-4DA0-264CA2AC2FF6}.Release|Any CPU.ActiveCfg = Release|Any CPU
		{8FB5254D-3E8C-8D8C-4DA0-264CA2AC2FF6}.Release|Any CPU.Build.0 = Release|Any CPU
	EndGlobalSection
	GlobalSection(SolutionProperties) = preSolution
		HideSolutionNode = FALSE
	EndGlobalSection
	GlobalSection(ExtensibilityGlobals) = postSolution
		SolutionGuid = {E2251024-719A-4FA4-BC03-54BC7F29C288}
	EndGlobalSection
EndGlobal
